{
    "_readme": [
        "This file locks the dependencies of your project to a known state",
        "Read more about it at https://getcomposer.org/doc/01-basic-usage.md#composer-lock-the-lock-file",
        "This file is @generated automatically"
    ],
    "hash": "416da49917d13fca9ad4500718cb952a",
    "packages": [
        {
            "name": "lucatume/args",
            "version": "dev-master",
            "source": {
                "type": "git",
                "url": "https://github.com/lucatume/args.git",
                "reference": "85146071bd2b3328af6b5da1de516c33a93a82df"
            },
            "dist": {
                "type": "zip",
                "url": "https://api.github.com/repos/lucatume/args/zipball/85146071bd2b3328af6b5da1de516c33a93a82df",
                "reference": "85146071bd2b3328af6b5da1de516c33a93a82df",
                "shasum": ""
            },
            "require": {
                "xrstf/composer-php52": "1.*"
            },
            "require-dev": {
                "codeception/codeception": "*"
            },
            "type": "library",
            "autoload": {
                "psr-0": {
                    "Arg": "src/",
                    "tad_": "src/"
                }
            },
            "scripts": {
                "post-install-cmd": [
                    "xrstf\\Composer52\\Generator::onPostInstallCmd"
                ],
                "post-update-cmd": [
                    "xrstf\\Composer52\\Generator::onPostInstallCmd"
                ],
                "post-autoload-dump": [
                    "xrstf\\Composer52\\Generator::onPostInstallCmd"
                ]
            },
            "license": [
                "GPL2"
            ],
            "authors": [
                {
                    "name": "Luca Tumedei",
                    "email": "luca@theaveragedev.com"
                }
            ],
            "description": "A PHP 5.2 compatible arguments handling library.",
            "support": {
                "source": "https://github.com/lucatume/args/tree/master",
                "issues": "https://github.com/lucatume/args/issues"
            },
            "time": "2015-09-13 08:57:22"
        },
        {
            "name": "xrstf/composer-php52",
            "version": "dev-default",
            "source": {
                "type": "hg",
                "url": "https://bitbucket.org/xrstf/composer-php52",
                "reference": "1ff7517a885cad1aa42b370f926b308a2f9b5766"
            },
            "dist": {
                "type": "zip",
                "url": "https://bitbucket.org/xrstf/composer-php52/get/1ff7517a885cad1aa42b370f926b308a2f9b5766.zip",
                "reference": "1ff7517a885cad1aa42b370f926b308a2f9b5766",
                "shasum": ""
            },
            "type": "library",
            "extra": {
                "branch-alias": {
                    "dev-default": "1.x-dev"
                }
            },
            "autoload": {
                "psr-0": {
                    "xrstf\\Composer52": "lib/"
                }
            },
            "notification-url": "https://packagist.org/downloads/",
            "license": [
                "MIT"
            ],
            "homepage": "http://www.xrstf.de/",
            "time": "2015-08-07 21:46:00"
        }
    ],
    "packages-dev": [],
    "aliases": [],
    "minimum-stability": "dev",
    "stability-flags": {
        "lucatume/args": 20
    },
    "prefer-stable": false,
    "prefer-lowest": false,
    "platform": [],
    "platform-dev": []
}
